// !$*UTF8*$!
{
	archiveVersion = 1;
	classes = {
	};
	objectVersion = 77;
	objects = {

		BB0000000000000000000001 /* PBXProject */ = {
			isa = PBXProject;
			attributes = {
				BuildIndependentTargetsInParallel = 1;
				LastSwiftUpdateCheck = 2600;
				LastUpgradeCheck = 2600;
				TargetAttributes = {
					BB0000000000000000000002 = {
						CreatedOnToolsVersion = 26.0;
					};
					BB0000000000000000000012 = {
						CreatedOnToolsVersion = 26.0;
						TestTargetID = BB0000000000000000000002;
					};
					BB0000000000000000000022 = {
						CreatedOnToolsVersion = 26.0;
						TestTargetID = BB0000000000000000000002;
					};
				};
			};
			buildConfigurationList = BB0000000000000000000003 /* XCConfigurationList */;
			compatibilityVersion = "Xcode 15.0";
			developmentRegion = en;
			hasScannedForEncodings = 0;
			knownRegions = (en, Base);
			mainGroup = BB0000000000000000000004 /* PBXGroup */;
			productRefGroup = BB0000000000000000000005 /* PBXGroup */;
			projectDirPath = "";
			projectRoot = "";
			targets = (
				BB0000000000000000000002 /* BrokerField */,
				BB0000000000000000000012 /* BrokerFieldTests */,
				BB0000000000000000000022 /* BrokerFieldUITests */,
			);
		};

		BB0000000000000000000004 /* PBXGroup */ = {
			isa = PBXGroup;
			children = (
				BB0000000000000000000006 /* BrokerField */,
				BB0000000000000000000016 /* BrokerFieldTests */,
				BB0000000000000000000026 /* BrokerFieldUITests */,
				BB0000000000000000000005 /* Products */,
			);
			sourceTree = "<group>";
		};
		BB0000000000000000000005 /* Products */ = {
			isa = PBXGroup;
			children = (
				BB0000000000000000000007 /* BrokerField.app */,
				BB0000000000000000000017 /* BrokerFieldTests.xctest */,
				BB0000000000000000000027 /* BrokerFieldUITests.xctest */,
			);
			name = Products;
			sourceTree = "<group>";
		};

		BB0000000000000000000006 /* BrokerField */ = {
			isa = PBXFileSystemSynchronizedRootGroup;
			path = BrokerField;
			sourceTree = "<group>";
		};
		BB0000000000000000000016 /* BrokerFieldTests */ = {
			isa = PBXFileSystemSynchronizedRootGroup;
			path = BrokerFieldTests;
			sourceTree = "<group>";
		};
		BB0000000000000000000026 /* BrokerFieldUITests */ = {
			isa = PBXFileSystemSynchronizedRootGroup;
			path = BrokerFieldUITests;
			sourceTree = "<group>";
		};

		BB0000000000000000000002 /* BrokerField */ = {
			isa = PBXNativeTarget;
			buildConfigurationList = BB0000000000000000000008 /* XCConfigurationList */;
			buildPhases = (
				BB0000000000000000000009 /* Sources */,
				BB000000000000000000000A /* Frameworks */,
				BB000000000000000000000B /* Resources */,
			);
			buildRules = ();
			dependencies = ();
			fileSystemSynchronizedGroups = (
				BB0000000000000000000006 /* BrokerField */,
			);
			name = BrokerField;
			productName = BrokerField;
			productReference = BB0000000000000000000007 /* BrokerField.app */;
			productType = "com.apple.product-type.application";
		};
		BB0000000000000000000012 /* BrokerFieldTests */ = {
			isa = PBXNativeTarget;
			buildConfigurationList = BB0000000000000000000018 /* XCConfigurationList */;
			buildPhases = (
				BB0000000000000000000019 /* Sources */,
				BB000000000000000000001A /* Frameworks */,
				BB000000000000000000001B /* Resources */,
			);
			buildRules = ();
			dependencies = (
				BB000000000000000000001D /* PBXTargetDependency */,
			);
			fileSystemSynchronizedGroups = (
				BB0000000000000000000016 /* BrokerFieldTests */,
			);
			name = BrokerFieldTests;
			productName = BrokerFieldTests;
			productReference = BB0000000000000000000017 /* BrokerFieldTests.xctest */;
			productType = "com.apple.product-type.bundle.unit-test";
		};
		BB0000000000000000000022 /* BrokerFieldUITests */ = {
			isa = PBXNativeTarget;
			buildConfigurationList = BB0000000000000000000028 /* XCConfigurationList */;
			buildPhases = (
				BB0000000000000000000029 /* Sources */,
				BB000000000000000000002A /* Frameworks */,
				BB000000000000000000002B /* Resources */,
			);
			buildRules = ();
			dependencies = (
				BB000000000000000000002D /* PBXTargetDependency */,
			);
			fileSystemSynchronizedGroups = (
				BB0000000000000000000026 /* BrokerFieldUITests */,
			);
			name = BrokerFieldUITests;
			productName = BrokerFieldUITests;
			productReference = BB0000000000000000000027 /* BrokerFieldUITests.xctest */;
			productType = "com.apple.product-type.bundle.ui-testing";
		};

		BB0000000000000000000009 /* Sources */ = {
			isa = PBXSourcesBuildPhase;
			buildActionMask = 2147483647;
			files = ();
			runOnlyForDeploymentPostprocessing = 0;
		};
		BB000000000000000000000A /* Frameworks */ = {
			isa = PBXFrameworksBuildPhase;
			buildActionMask = 2147483647;
			files = ();
			runOnlyForDeploymentPostprocessing = 0;
		};
		BB000000000000000000000B /* Resources */ = {
			isa = PBXResourcesBuildPhase;
			buildActionMask = 2147483647;
			files = ();
			runOnlyForDeploymentPostprocessing = 0;
		};
		BB0000000000000000000019 /* Sources */ = {
			isa = PBXSourcesBuildPhase;
			buildActionMask = 2147483647;
			files = ();
			runOnlyForDeploymentPostprocessing = 0;
		};
		BB000000000000000000001A /* Frameworks */ = {
			isa = PBXFrameworksBuildPhase;
			buildActionMask = 2147483647;
			files = ();
			runOnlyForDeploymentPostprocessing = 0;
		};
		BB000000000000000000001B /* Resources */ = {
			isa = PBXResourcesBuildPhase;
			buildActionMask = 2147483647;
			files = ();
			runOnlyForDeploymentPostprocessing = 0;
		};
		BB0000000000000000000029 /* Sources */ = {
			isa = PBXSourcesBuildPhase;
			buildActionMask = 2147483647;
			files = ();
			runOnlyForDeploymentPostprocessing = 0;
		};
		BB000000000000000000002A /* Frameworks */ = {
			isa = PBXFrameworksBuildPhase;
			buildActionMask = 2147483647;
			files = ();
			runOnlyForDeploymentPostprocessing = 0;
		};
		BB000000000000000000002B /* Resources */ = {
			isa = PBXResourcesBuildPhase;
			buildActionMask = 2147483647;
			files = ();
			runOnlyForDeploymentPostprocessing = 0;
		};

		BB0000000000000000000007 /* BrokerField.app */ = {
			isa = PBXFileReference;
			explicitFileType = wrapper.application;
			includeInIndex = 0;
			path = BrokerField.app;
			sourceTree = BUILT_PRODUCTS_DIR;
		};
		BB0000000000000000000017 /* BrokerFieldTests.xctest */ = {
			isa = PBXFileReference;
			explicitFileType = wrapper.cfbundle;
			includeInIndex = 0;
			path = BrokerFieldTests.xctest;
			sourceTree = BUILT_PRODUCTS_DIR;
		};
		BB0000000000000000000027 /* BrokerFieldUITests.xctest */ = {
			isa = PBXFileReference;
			explicitFileType = wrapper.cfbundle;
			includeInIndex = 0;
			path = BrokerFieldUITests.xctest;
			sourceTree = BUILT_PRODUCTS_DIR;
		};

		BB000000000000000000001D /* PBXTargetDependency */ = {
			isa = PBXTargetDependency;
			target = BB0000000000000000000002 /* BrokerField */;
		};
		BB000000000000000000002D /* PBXTargetDependency */ = {
			isa = PBXTargetDependency;
			target = BB0000000000000000000002 /* BrokerField */;
		};

		BB000000000000000000000C /* Debug */ = {
			isa = XCBuildConfiguration;
			buildSettings = {
				ALWAYS_SEARCH_USER_PATHS = NO;
				CLANG_ENABLE_MODULES = YES;
				COPY_PHASE_STRIP = NO;
				DEBUG_INFORMATION_FORMAT = dwarf;
				ENABLE_STRICT_OBJC_MSGSEND = YES;
				ENABLE_TESTABILITY = YES;
				ENABLE_USER_SCRIPT_SANDBOXING = YES;
				GCC_C_LANGUAGE_STANDARD = gnu17;
				GCC_DYNAMIC_NO_PIC = NO;
				GCC_NO_COMMON_BLOCKS = YES;
				GCC_OPTIMIZATION_LEVEL = 0;
				GCC_PREPROCESSOR_DEFINITIONS = ("DEBUG=1", "$(inherited)");
				IPHONEOS_DEPLOYMENT_TARGET = 26.0;
				MTL_ENABLE_DEBUG_INFO = INCLUDE_SOURCE;
				MTL_FAST_MATH = YES;
				ONLY_ACTIVE_ARCH = YES;
				SDKROOT = iphoneos;
				SWIFT_ACTIVE_COMPILATION_CONDITIONS = "DEBUG $(inherited)";
				SWIFT_OPTIMIZATION_LEVEL = "-Onone";
			};
			name = Debug;
		};
		BB000000000000000000000D /* Release */ = {
			isa = XCBuildConfiguration;
			buildSettings = {
				ALWAYS_SEARCH_USER_PATHS = NO;
				CLANG_ENABLE_MODULES = YES;
				COPY_PHASE_STRIP = NO;
				DEBUG_INFORMATION_FORMAT = "dwarf-with-dsym";
				ENABLE_NS_ASSERTIONS = NO;
				ENABLE_STRICT_OBJC_MSGSEND = YES;
				ENABLE_USER_SCRIPT_SANDBOXING = YES;
				GCC_C_LANGUAGE_STANDARD = gnu17;
				GCC_NO_COMMON_BLOCKS = YES;
				IPHONEOS_DEPLOYMENT_TARGET = 26.0;
				MTL_ENABLE_DEBUG_INFO = NO;
				MTL_FAST_MATH = YES;
				SDKROOT = iphoneos;
				SWIFT_COMPILATION_MODE = wholemodule;
				VALIDATE_PRODUCT = YES;
			};
			name = Release;
		};
		BB000000000000000000000E /* Debug */ = {
			isa = XCBuildConfiguration;
			buildSettings = {
				CODE_SIGN_STYLE = Automatic;
				CURRENT_PROJECT_VERSION = 1;
				DEVELOPMENT_TEAM = "";
				ENABLE_PREVIEWS = YES;
				INFOPLIST_FILE = Info.plist;
				LD_RUNPATH_SEARCH_PATHS = ("$(inherited)", "@executable_path/Frameworks");
				MARKETING_VERSION = 0.1.0;
				PRODUCT_BUNDLE_IDENTIFIER = com.gentlespace.brokerfield;
				PRODUCT_NAME = "$(TARGET_NAME)";
				SDKROOT = iphoneos;
				SWIFT_EMIT_LOC_STRINGS = YES;
				SWIFT_VERSION = 6.0;
				TARGETED_DEVICE_FAMILY = 1;
			};
			name = Debug;
		};
		BB000000000000000000000F /* Release */ = {
			isa = XCBuildConfiguration;
			buildSettings = {
				CODE_SIGN_STYLE = Automatic;
				CURRENT_PROJECT_VERSION = 1;
				DEVELOPMENT_TEAM = "";
				ENABLE_PREVIEWS = YES;
				INFOPLIST_FILE = Info.plist;
				LD_RUNPATH_SEARCH_PATHS = ("$(inherited)", "@executable_path/Frameworks");
				MARKETING_VERSION = 0.1.0;
				PRODUCT_BUNDLE_IDENTIFIER = com.gentlespace.brokerfield;
				PRODUCT_NAME = "$(TARGET_NAME)";
				SDKROOT = iphoneos;
				SWIFT_EMIT_LOC_STRINGS = YES;
				SWIFT_VERSION = 6.0;
				TARGETED_DEVICE_FAMILY = 1;
			};
			name = Release;
		};
		BB000000000000000000001E /* Debug */ = {
			isa = XCBuildConfiguration;
			buildSettings = {
				BUNDLE_LOADER = "$(TEST_HOST)";
				CODE_SIGN_STYLE = Automatic;
				CURRENT_PROJECT_VERSION = 1;
				GENERATE_INFOPLIST_FILE = YES;
				IPHONEOS_DEPLOYMENT_TARGET = 26.0;
				MARKETING_VERSION = 1.0;
				PRODUCT_BUNDLE_IDENTIFIER = com.gentlespace.brokerfield.tests;
				PRODUCT_NAME = "$(TARGET_NAME)";
				SDKROOT = iphoneos;
				SWIFT_EMIT_LOC_STRINGS = NO;
				SWIFT_VERSION = 6.0;
				TARGETED_DEVICE_FAMILY = 1;
				TEST_HOST = "$(BUILT_PRODUCTS_DIR)/BrokerField.app/$(BUNDLE_EXECUTABLE_FOLDER_PATH)/BrokerField";
			};
			name = Debug;
		};
		BB000000000000000000001F /* Release */ = {
			isa = XCBuildConfiguration;
			buildSettings = {
				BUNDLE_LOADER = "$(TEST_HOST)";
				CODE_SIGN_STYLE = Automatic;
				CURRENT_PROJECT_VERSION = 1;
				GENERATE_INFOPLIST_FILE = YES;
				IPHONEOS_DEPLOYMENT_TARGET = 26.0;
				MARKETING_VERSION = 1.0;
				PRODUCT_BUNDLE_IDENTIFIER = com.gentlespace.brokerfield.tests;
				PRODUCT_NAME = "$(TARGET_NAME)";
				SDKROOT = iphoneos;
				SWIFT_EMIT_LOC_STRINGS = NO;
				SWIFT_VERSION = 6.0;
				TARGETED_DEVICE_FAMILY = 1;
				TEST_HOST = "$(BUILT_PRODUCTS_DIR)/BrokerField.app/$(BUNDLE_EXECUTABLE_FOLDER_PATH)/BrokerField";
			};
			name = Release;
		};
		BB000000000000000000002E /* Debug */ = {
			isa = XCBuildConfiguration;
			buildSettings = {
				CODE_SIGN_STYLE = Automatic;
				CURRENT_PROJECT_VERSION = 1;
				GENERATE_INFOPLIST_FILE = YES;
				IPHONEOS_DEPLOYMENT_TARGET = 26.0;
				MARKETING_VERSION = 1.0;
				PRODUCT_BUNDLE_IDENTIFIER = com.gentlespace.brokerfield.uitests;
				PRODUCT_NAME = "$(TARGET_NAME)";
				SDKROOT = iphoneos;
				SWIFT_EMIT_LOC_STRINGS = NO;
				SWIFT_VERSION = 6.0;
				TARGETED_DEVICE_FAMILY = 1;
				TEST_TARGET_NAME = BrokerField;
			};
			name = Debug;
		};
		BB000000000000000000002F /* Release */ = {
			isa = XCBuildConfiguration;
			buildSettings = {
				CODE_SIGN_STYLE = Automatic;
				CURRENT_PROJECT_VERSION = 1;
				GENERATE_INFOPLIST_FILE = YES;
				IPHONEOS_DEPLOYMENT_TARGET = 26.0;
				MARKETING_VERSION = 1.0;
				PRODUCT_BUNDLE_IDENTIFIER = com.gentlespace.brokerfield.uitests;
				PRODUCT_NAME = "$(TARGET_NAME)";
				SDKROOT = iphoneos;
				SWIFT_EMIT_LOC_STRINGS = NO;
				SWIFT_VERSION = 6.0;
				TARGETED_DEVICE_FAMILY = 1;
				TEST_TARGET_NAME = BrokerField;
			};
			name = Release;
		};

		BB0000000000000000000003 /* XCConfigurationList */ = {
			isa = XCConfigurationList;
			buildConfigurations = (
				BB000000000000000000000C /* Debug */,
				BB000000000000000000000D /* Release */,
			);
			defaultConfigurationIsVisible = 0;
			defaultConfigurationName = Release;
		};
		BB0000000000000000000008 /* XCConfigurationList */ = {
			isa = XCConfigurationList;
			buildConfigurations = (
				BB000000000000000000000E /* Debug */,
				BB000000000000000000000F /* Release */,
			);
			defaultConfigurationIsVisible = 0;
			defaultConfigurationName = Release;
		};
		BB0000000000000000000018 /* XCConfigurationList */ = {
			isa = XCConfigurationList;
			buildConfigurations = (
				BB000000000000000000001E /* Debug */,
				BB000000000000000000001F /* Release */,
			);
			defaultConfigurationIsVisible = 0;
			defaultConfigurationName = Release;
		};
		BB0000000000000000000028 /* XCConfigurationList */ = {
			isa = XCConfigurationList;
			buildConfigurations = (
				BB000000000000000000002E /* Debug */,
				BB000000000000000000002F /* Release */,
			);
			defaultConfigurationIsVisible = 0;
			defaultConfigurationName = Release;
		};
	};
	rootObject = BB0000000000000000000001 /* PBXProject */;
}
